Microsoft Visual Studio Solution File, Format Version 9.00
# Visual Studio 2005
Project("{8BC9CEB8-8B4A-11D0-8D11-00A0C91BC942}") = "app", "app\app-2k5.vcproj", "{00A5E4C1-0FFC-4932-8E50-763DF2E57054}"
	ProjectSection(ProjectDependencies) = postProject
		{41A7BFF0-687D-4B2A-90AD-1022284592FF} = {41A7BFF0-687D-4B2A-90AD-1022284592FF}
		{5DF6F1EA-D56E-4459-BE1B-6DAA2197B911} = {5DF6F1EA-D56E-4459-BE1B-6DAA2197B911}
		{A128DAEA-38CB-4F4C-B1D8-7E31CD3DBD60} = {A128DAEA-38CB-4F4C-B1D8-7E31CD3DBD60}
		{2DF60AD8-97DA-4225-9AAB-B0055364AF34} = {2DF60AD8-97DA-4225-9AAB-B0055364AF34}
		{B8E3BEB2-96CB-4FA7-B500-FD8C5B61AA71} = {B8E3BEB2-96CB-4FA7-B500-FD8C5B61AA71}
		{8DD67C9F-32BA-47FC-AB04-EFFCE0DF1503} = {8DD67C9F-32BA-47FC-AB04-EFFCE0DF1503}
		{4BE75698-527D-4261-96B3-57A80F6CF1D3} = {4BE75698-527D-4261-96B3-57A80F6CF1D3}
		{3694E862-C0FE-4339-A6D9-91FB5C4D498C} = {3694E862-C0FE-4339-A6D9-91FB5C4D498C}
		{69FBC35D-F95B-47E6-BD5E-B38B7FE1F75D} = {69FBC35D-F95B-47E6-BD5E-B38B7FE1F75D}
		{653C9D44-8DD5-4A9B-91B6-FE8716C6DAFC} = {653C9D44-8DD5-4A9B-91B6-FE8716C6DAFC}
		{01D8BF3E-7DEC-4B34-9AAD-DDBBBD8F0EF9} = {01D8BF3E-7DEC-4B34-9AAD-DDBBBD8F0EF9}
		{19BEE539-E27A-4F93-A943-9419EF9F2800} = {19BEE539-E27A-4F93-A943-9419EF9F2800}
		{A71C1B20-D331-4A9B-9D7D-D6910EBCB403} = {A71C1B20-D331-4A9B-9D7D-D6910EBCB403}
		{581FC30D-8DE2-4824-8039-B9CA1BDCB179} = {581FC30D-8DE2-4824-8039-B9CA1BDCB179}
		{1E13C50C-B3AD-48E5-8236-C1223BA17A89} = {1E13C50C-B3AD-48E5-8236-C1223BA17A89}
	EndProjectSection
EndProject
Project("{8BC9CEB8-8B4A-11D0-8D11-00A0C91BC942}") = "dataremote", "components\dataremote\dataremote-2k5.vcproj", "{653C9D44-8DD5-4A9B-91B6-FE8716C6DAFC}"
EndProject
Project("{8BC9CEB8-8B4A-11D0-8D11-00A0C91BC942}") = "devicebase", "components\devicesobsolete\base\devicebase-2k5.vcproj", "{41A7BFF0-687D-4B2A-90AD-1022284592FF}"
EndProject
Project("{8BC9CEB8-8B4A-11D0-8D11-00A0C91BC942}") = "cddevice", "components\devicesobsolete\cd\cddevice-2k5.vcproj", "{A128DAEA-38CB-4F4C-B1D8-7E31CD3DBD60}"
	ProjectSection(ProjectDependencies) = postProject
		{41A7BFF0-687D-4B2A-90AD-1022284592FF} = {41A7BFF0-687D-4B2A-90AD-1022284592FF}
	EndProjectSection
EndProject
Project("{8BC9CEB8-8B4A-11D0-8D11-00A0C91BC942}") = "downloaddevice", "components\devicesobsolete\download\downloaddevice-2k5.vcproj", "{B8E3BEB2-96CB-4FA7-B500-FD8C5B61AA71}"
	ProjectSection(ProjectDependencies) = postProject
		{41A7BFF0-687D-4B2A-90AD-1022284592FF} = {41A7BFF0-687D-4B2A-90AD-1022284592FF}
	EndProjectSection
EndProject
Project("{8BC9CEB8-8B4A-11D0-8D11-00A0C91BC942}") = "devicemanager", "components\devicesobsolete\manager\devicemanager-2k5.vcproj", "{581FC30D-8DE2-4824-8039-B9CA1BDCB179}"
	ProjectSection(ProjectDependencies) = postProject
		{41A7BFF0-687D-4B2A-90AD-1022284592FF} = {41A7BFF0-687D-4B2A-90AD-1022284592FF}
		{A128DAEA-38CB-4F4C-B1D8-7E31CD3DBD60} = {A128DAEA-38CB-4F4C-B1D8-7E31CD3DBD60}
		{B8E3BEB2-96CB-4FA7-B500-FD8C5B61AA71} = {B8E3BEB2-96CB-4FA7-B500-FD8C5B61AA71}
		{69FBC35D-F95B-47E6-BD5E-B38B7FE1F75D} = {69FBC35D-F95B-47E6-BD5E-B38B7FE1F75D}
	EndProjectSection
EndProject
Project("{8BC9CEB8-8B4A-11D0-8D11-00A0C91BC942}") = "wmdevice", "components\devicesobsolete\wm\wmdevice-2k5.vcproj", "{69FBC35D-F95B-47E6-BD5E-B38B7FE1F75D}"
	ProjectSection(ProjectDependencies) = postProject
		{41A7BFF0-687D-4B2A-90AD-1022284592FF} = {41A7BFF0-687D-4B2A-90AD-1022284592FF}
	EndProjectSection
EndProject
Project("{8BC9CEB8-8B4A-11D0-8D11-00A0C91BC942}") = "integration", "components\integration\integration-2k5.vcproj", "{5DF6F1EA-D56E-4459-BE1B-6DAA2197B911}"
	ProjectSection(ProjectDependencies) = postProject
		{41A7BFF0-687D-4B2A-90AD-1022284592FF} = {41A7BFF0-687D-4B2A-90AD-1022284592FF}
		{A128DAEA-38CB-4F4C-B1D8-7E31CD3DBD60} = {A128DAEA-38CB-4F4C-B1D8-7E31CD3DBD60}
		{653C9D44-8DD5-4A9B-91B6-FE8716C6DAFC} = {653C9D44-8DD5-4A9B-91B6-FE8716C6DAFC}
		{581FC30D-8DE2-4824-8039-B9CA1BDCB179} = {581FC30D-8DE2-4824-8039-B9CA1BDCB179}
	EndProjectSection
EndProject
Project("{8BC9CEB8-8B4A-11D0-8D11-00A0C91BC942}") = "metadatahandlerid3", "components\mediacore\metadata\handler\id3\metadatahandlerid3-2k5.vcproj", "{19BEE539-E27A-4F93-A943-9419EF9F2800}"
	ProjectSection(ProjectDependencies) = postProject
		{A71C1B20-D331-4A9B-9D7D-D6910EBCB403} = {A71C1B20-D331-4A9B-9D7D-D6910EBCB403}
	EndProjectSection
EndProject
Project("{8BC9CEB8-8B4A-11D0-8D11-00A0C91BC942}") = "metadatamanager", "components\mediacore\metadata\manager\metadatamanager-2k5.vcproj", "{A71C1B20-D331-4A9B-9D7D-D6910EBCB403}"
EndProject
Project("{8BC9CEB8-8B4A-11D0-8D11-00A0C91BC942}") = "metadatatranscoding", "components\mediacore\transcoding\metadatatranscoding-2k5.vcproj", "{1E13C50C-B3AD-48E5-8236-C1223BA17A89}"
	ProjectSection(ProjectDependencies) = postProject
		{A71C1B20-D331-4A9B-9D7D-D6910EBCB403} = {A71C1B20-D331-4A9B-9D7D-D6910EBCB403}
	EndProjectSection
EndProject
Project("{8BC9CEB8-8B4A-11D0-8D11-00A0C91BC942}") = "playlistplayback", "components\playlistplayback\playlistplayback-2k5.vcproj", "{4BE75698-527D-4261-96B3-57A80F6CF1D3}"
EndProject
Project("{8BC9CEB8-8B4A-11D0-8D11-00A0C91BC942}") = "rubberducky", "feathers\rubberducky\rubberducky-2k5.vcproj", "{061CF388-0AF1-45BB-9CE0-12139E6CFAC0}"
	ProjectSection(ProjectDependencies) = postProject
		{00A5E4C1-0FFC-4932-8E50-763DF2E57054} = {00A5E4C1-0FFC-4932-8E50-763DF2E57054}
	EndProjectSection
EndProject
Project("{8BC9CEB8-8B4A-11D0-8D11-00A0C91BC942}") = "locales", "locales\locales-2k5.vcproj", "{5E8ECFDD-A5D9-4343-8794-C33D17E53F8D}"
	ProjectSection(ProjectDependencies) = postProject
		{00A5E4C1-0FFC-4932-8E50-763DF2E57054} = {00A5E4C1-0FFC-4932-8E50-763DF2E57054}
	EndProjectSection
EndProject
Project("{8BC9CEB8-8B4A-11D0-8D11-00A0C91BC942}") = "metadatahandlerogg", "components\mediacore\metadata\handler\ogg\metadatahandlerogg-2k5.vcproj", "{2DF60AD8-97DA-4225-9AAB-B0055364AF34}"
	ProjectSection(ProjectDependencies) = postProject
		{A71C1B20-D331-4A9B-9D7D-D6910EBCB403} = {A71C1B20-D331-4A9B-9D7D-D6910EBCB403}
	EndProjectSection
EndProject
Project("{8BC9CEB8-8B4A-11D0-8D11-00A0C91BC942}") = "dove", "feathers\dove\dove-2k5.vcproj", "{DBC31CA3-3E12-476E-9CB5-0AA2685C7228}"
	ProjectSection(ProjectDependencies) = postProject
		{00A5E4C1-0FFC-4932-8E50-763DF2E57054} = {00A5E4C1-0FFC-4932-8E50-763DF2E57054}
	EndProjectSection
EndProject
Project("{8BC9CEB8-8B4A-11D0-8D11-00A0C91BC942}") = "metadatahandlermp4", "components\mediacore\metadata\handler\mp4\metadatahandlermp4-2k5.vcproj", "{01D8BF3E-7DEC-4B34-9AAD-DDBBBD8F0EF9}"
	ProjectSection(ProjectDependencies) = postProject
		{A71C1B20-D331-4A9B-9D7D-D6910EBCB403} = {A71C1B20-D331-4A9B-9D7D-D6910EBCB403}
	EndProjectSection
EndProject
Project("{8BC9CEB8-8B4A-11D0-8D11-00A0C91BC942}") = "bundle", "components\bundle\bundle-2k5.vcproj", "{8DD67C9F-32BA-47FC-AB04-EFFCE0DF1503}"
EndProject
Project("{8BC9CEB8-8B4A-11D0-8D11-00A0C91BC942}") = "metrics", "components\metrics\metrics-2k5.vcproj", "{3694E862-C0FE-4339-A6D9-91FB5C4D498C}"
EndProject
Global
	GlobalSection(SolutionConfigurationPlatforms) = preSolution
		Debug|Win32 = Debug|Win32
		Release|Win32 = Release|Win32
	EndGlobalSection
	GlobalSection(ProjectConfigurationPlatforms) = postSolution
		{00A5E4C1-0FFC-4932-8E50-763DF2E57054}.Debug|Win32.ActiveCfg = Debug|Win32
		{00A5E4C1-0FFC-4932-8E50-763DF2E57054}.Debug|Win32.Build.0 = Debug|Win32
		{00A5E4C1-0FFC-4932-8E50-763DF2E57054}.Release|Win32.ActiveCfg = Release|Win32
		{00A5E4C1-0FFC-4932-8E50-763DF2E57054}.Release|Win32.Build.0 = Release|Win32
		{653C9D44-8DD5-4A9B-91B6-FE8716C6DAFC}.Debug|Win32.ActiveCfg = Debug|Win32
		{653C9D44-8DD5-4A9B-91B6-FE8716C6DAFC}.Debug|Win32.Build.0 = Debug|Win32
		{653C9D44-8DD5-4A9B-91B6-FE8716C6DAFC}.Release|Win32.ActiveCfg = Release|Win32
		{653C9D44-8DD5-4A9B-91B6-FE8716C6DAFC}.Release|Win32.Build.0 = Release|Win32
		{41A7BFF0-687D-4B2A-90AD-1022284592FF}.Debug|Win32.ActiveCfg = Debug|Win32
		{41A7BFF0-687D-4B2A-90AD-1022284592FF}.Debug|Win32.Build.0 = Debug|Win32
		{41A7BFF0-687D-4B2A-90AD-1022284592FF}.Release|Win32.ActiveCfg = Release|Win32
		{41A7BFF0-687D-4B2A-90AD-1022284592FF}.Release|Win32.Build.0 = Release|Win32
		{A128DAEA-38CB-4F4C-B1D8-7E31CD3DBD60}.Debug|Win32.ActiveCfg = Debug|Win32
		{A128DAEA-38CB-4F4C-B1D8-7E31CD3DBD60}.Debug|Win32.Build.0 = Debug|Win32
		{A128DAEA-38CB-4F4C-B1D8-7E31CD3DBD60}.Release|Win32.ActiveCfg = Release|Win32
		{A128DAEA-38CB-4F4C-B1D8-7E31CD3DBD60}.Release|Win32.Build.0 = Release|Win32
		{B8E3BEB2-96CB-4FA7-B500-FD8C5B61AA71}.Debug|Win32.ActiveCfg = Debug|Win32
		{B8E3BEB2-96CB-4FA7-B500-FD8C5B61AA71}.Debug|Win32.Build.0 = Debug|Win32
		{B8E3BEB2-96CB-4FA7-B500-FD8C5B61AA71}.Release|Win32.ActiveCfg = Release|Win32
		{B8E3BEB2-96CB-4FA7-B500-FD8C5B61AA71}.Release|Win32.Build.0 = Release|Win32
		{581FC30D-8DE2-4824-8039-B9CA1BDCB179}.Debug|Win32.ActiveCfg = Debug|Win32
		{581FC30D-8DE2-4824-8039-B9CA1BDCB179}.Debug|Win32.Build.0 = Debug|Win32
		{581FC30D-8DE2-4824-8039-B9CA1BDCB179}.Release|Win32.ActiveCfg = Release|Win32
		{581FC30D-8DE2-4824-8039-B9CA1BDCB179}.Release|Win32.Build.0 = Release|Win32
		{69FBC35D-F95B-47E6-BD5E-B38B7FE1F75D}.Debug|Win32.ActiveCfg = Debug|Win32
		{69FBC35D-F95B-47E6-BD5E-B38B7FE1F75D}.Debug|Win32.Build.0 = Debug|Win32
		{69FBC35D-F95B-47E6-BD5E-B38B7FE1F75D}.Release|Win32.ActiveCfg = Release|Win32
		{69FBC35D-F95B-47E6-BD5E-B38B7FE1F75D}.Release|Win32.Build.0 = Release|Win32
		{5DF6F1EA-D56E-4459-BE1B-6DAA2197B911}.Debug|Win32.ActiveCfg = Debug|Win32
		{5DF6F1EA-D56E-4459-BE1B-6DAA2197B911}.Debug|Win32.Build.0 = Debug|Win32
		{5DF6F1EA-D56E-4459-BE1B-6DAA2197B911}.Release|Win32.ActiveCfg = Release|Win32
		{5DF6F1EA-D56E-4459-BE1B-6DAA2197B911}.Release|Win32.Build.0 = Release|Win32
		{19BEE539-E27A-4F93-A943-9419EF9F2800}.Debug|Win32.ActiveCfg = Debug|Win32
		{19BEE539-E27A-4F93-A943-9419EF9F2800}.Debug|Win32.Build.0 = Debug|Win32
		{19BEE539-E27A-4F93-A943-9419EF9F2800}.Release|Win32.ActiveCfg = Release|Win32
		{19BEE539-E27A-4F93-A943-9419EF9F2800}.Release|Win32.Build.0 = Release|Win32
		{A71C1B20-D331-4A9B-9D7D-D6910EBCB403}.Debug|Win32.ActiveCfg = Debug|Win32
		{A71C1B20-D331-4A9B-9D7D-D6910EBCB403}.Debug|Win32.Build.0 = Debug|Win32
		{A71C1B20-D331-4A9B-9D7D-D6910EBCB403}.Release|Win32.ActiveCfg = Release|Win32
		{A71C1B20-D331-4A9B-9D7D-D6910EBCB403}.Release|Win32.Build.0 = Release|Win32
		{1E13C50C-B3AD-48E5-8236-C1223BA17A89}.Debug|Win32.ActiveCfg = Debug|Win32
		{1E13C50C-B3AD-48E5-8236-C1223BA17A89}.Release|Win32.ActiveCfg = Release|Win32
		{4BE75698-527D-4261-96B3-57A80F6CF1D3}.Debug|Win32.ActiveCfg = Debug|Win32
		{4BE75698-527D-4261-96B3-57A80F6CF1D3}.Debug|Win32.Build.0 = Debug|Win32
		{4BE75698-527D-4261-96B3-57A80F6CF1D3}.Release|Win32.ActiveCfg = Release|Win32
		{4BE75698-527D-4261-96B3-57A80F6CF1D3}.Release|Win32.Build.0 = Release|Win32
		{061CF388-0AF1-45BB-9CE0-12139E6CFAC0}.Debug|Win32.ActiveCfg = Debug|Win32
		{061CF388-0AF1-45BB-9CE0-12139E6CFAC0}.Debug|Win32.Build.0 = Debug|Win32
		{061CF388-0AF1-45BB-9CE0-12139E6CFAC0}.Release|Win32.ActiveCfg = Release|Win32
		{061CF388-0AF1-45BB-9CE0-12139E6CFAC0}.Release|Win32.Build.0 = Release|Win32
		{5E8ECFDD-A5D9-4343-8794-C33D17E53F8D}.Debug|Win32.ActiveCfg = Debug|Win32
		{5E8ECFDD-A5D9-4343-8794-C33D17E53F8D}.Debug|Win32.Build.0 = Debug|Win32
		{5E8ECFDD-A5D9-4343-8794-C33D17E53F8D}.Release|Win32.ActiveCfg = Release|Win32
		{5E8ECFDD-A5D9-4343-8794-C33D17E53F8D}.Release|Win32.Build.0 = Release|Win32
		{2DF60AD8-97DA-4225-9AAB-B0055364AF34}.Debug|Win32.ActiveCfg = Debug|Win32
		{2DF60AD8-97DA-4225-9AAB-B0055364AF34}.Debug|Win32.Build.0 = Debug|Win32
		{2DF60AD8-97DA-4225-9AAB-B0055364AF34}.Release|Win32.ActiveCfg = Release|Win32
		{2DF60AD8-97DA-4225-9AAB-B0055364AF34}.Release|Win32.Build.0 = Release|Win32
		{DBC31CA3-3E12-476E-9CB5-0AA2685C7228}.Debug|Win32.ActiveCfg = Debug|Win32
		{DBC31CA3-3E12-476E-9CB5-0AA2685C7228}.Debug|Win32.Build.0 = Debug|Win32
		{DBC31CA3-3E12-476E-9CB5-0AA2685C7228}.Release|Win32.ActiveCfg = Release|Win32
		{DBC31CA3-3E12-476E-9CB5-0AA2685C7228}.Release|Win32.Build.0 = Release|Win32
		{01D8BF3E-7DEC-4B34-9AAD-DDBBBD8F0EF9}.Debug|Win32.ActiveCfg = Debug|Win32
		{01D8BF3E-7DEC-4B34-9AAD-DDBBBD8F0EF9}.Debug|Win32.Build.0 = Debug|Win32
		{01D8BF3E-7DEC-4B34-9AAD-DDBBBD8F0EF9}.Release|Win32.ActiveCfg = Release|Win32
		{01D8BF3E-7DEC-4B34-9AAD-DDBBBD8F0EF9}.Release|Win32.Build.0 = Release|Win32
		{8DD67C9F-32BA-47FC-AB04-EFFCE0DF1503}.Debug|Win32.ActiveCfg = Debug|Win32
		{8DD67C9F-32BA-47FC-AB04-EFFCE0DF1503}.Debug|Win32.Build.0 = Debug|Win32
		{8DD67C9F-32BA-47FC-AB04-EFFCE0DF1503}.Release|Win32.ActiveCfg = Release|Win32
		{8DD67C9F-32BA-47FC-AB04-EFFCE0DF1503}.Release|Win32.Build.0 = Release|Win32
		{3694E862-C0FE-4339-A6D9-91FB5C4D498C}.Debug|Win32.ActiveCfg = Debug|Win32
		{3694E862-C0FE-4339-A6D9-91FB5C4D498C}.Debug|Win32.Build.0 = Debug|Win32
		{3694E862-C0FE-4339-A6D9-91FB5C4D498C}.Release|Win32.ActiveCfg = Release|Win32
		{3694E862-C0FE-4339-A6D9-91FB5C4D498C}.Release|Win32.Build.0 = Release|Win32
	EndGlobalSection
	GlobalSection(SolutionProperties) = preSolution
		HideSolutionNode = FALSE
	EndGlobalSection
EndGlobal
