Microsoft Visual Studio Solution File, Format Version 8.00
Project("{8BC9CEB8-8B4A-11D0-8D11-00A0C91BC942}") = "app", "app\app.vcproj", "{00A5E4C1-0FFC-4932-8E50-763DF2E57054}"
	ProjectSection(ProjectDependencies) = postProject
	EndProjectSection
EndProject
Project("{8BC9CEB8-8B4A-11D0-8D11-00A0C91BC942}") = "dataremote", "components\dataremote\dataremote.vcproj", "{653C9D44-8DD5-4A9B-91B6-FE8716C6DAFC}"
	ProjectSection(ProjectDependencies) = postProject
	EndProjectSection
EndProject
Project("{8BC9CEB8-8B4A-11D0-8D11-00A0C91BC942}") = "playlistplayback", "components\playlistplayback\playlistplayback.vcproj", "{4BE75698-527D-4261-96B3-57A80F6CF1D3}"
	ProjectSection(ProjectDependencies) = postProject
	EndProjectSection
EndProject
Project("{8BC9CEB8-8B4A-11D0-8D11-00A0C91BC942}") = "rubberducky", "feathers\rubberducky\rubberducky.vcproj", "{061CF388-0AF1-45BB-9CE0-12139E6CFAC0}"
	ProjectSection(ProjectDependencies) = postProject
	EndProjectSection
EndProject
Project("{8BC9CEB8-8B4A-11D0-8D11-00A0C91BC942}") = "locales", "locales\locales.vcproj", "{5E8ECFDD-A5D9-4343-8794-C33D17E53F8D}"
	ProjectSection(ProjectDependencies) = postProject
	EndProjectSection
EndProject
Project("{8BC9CEB8-8B4A-11D0-8D11-00A0C91BC942}") = "bundle", "components\bundle\bundle.vcproj", "{8DD67C9F-32BA-47FC-AB04-EFFCE0DF1503}"
	ProjectSection(ProjectDependencies) = postProject
	EndProjectSection
EndProject
Project("{8BC9CEB8-8B4A-11D0-8D11-00A0C91BC942}") = "metrics", "components\metrics\metrics.vcproj", "{3694E862-C0FE-4339-A6D9-91FB5C4D498C}"
	ProjectSection(ProjectDependencies) = postProject
	EndProjectSection
EndProject
Project("{8BC9CEB8-8B4A-11D0-8D11-00A0C91BC942}") = "integration", "components\integration\integration.vcproj", "{5DF6F1EA-D56E-4459-BE1B-6DAA2197B911}"
	ProjectSection(ProjectDependencies) = postProject
		{653C9D44-8DD5-4A9B-91B6-FE8716C6DAFC} = {653C9D44-8DD5-4A9B-91B6-FE8716C6DAFC}
	EndProjectSection
EndProject
Project("{8BC9CEB8-8B4A-11D0-8D11-00A0C91BC942}") = "commandline", "components\commandline\commandline.vcproj", "{653C9D44-8DD5-4A9B-91B6-FE8716C6DAFC}"
	ProjectSection(ProjectDependencies) = postProject
	EndProjectSection
EndProject
Project("{8BC9CEB8-8B4A-11D0-8D11-00A0C91BC942}") = "parsererror", "components\parsererror\parsererror.vcproj", "{8DD67C9F-32BA-47FC-AB04-EFFCE0DF1503}"
	ProjectSection(ProjectDependencies) = postProject
	EndProjectSection
EndProject
Project("{8BC9CEB8-8B4A-11D0-8D11-00A0C91BC942}") = "playlistcommands", "components\playlistcommands\playlistcommands.vcproj", "{E9C17F59-5D09-496B-A524-170FA0908892}"
	ProjectSection(ProjectDependencies) = postProject
	EndProjectSection
EndProject
Project("{8BC9CEB8-8B4A-11D0-8D11-00A0C91BC942}") = "addonmetadata", "components\addonmetadata\addonmetadata.vcproj", "{8DD67C9F-32BA-47FC-AB04-EFFCE0DF1503}"
	ProjectSection(ProjectDependencies) = postProject
	EndProjectSection
EndProject
Project("{8BC9CEB8-8B4A-11D0-8D11-00A0C91BC942}") = "controller", "components\controller\controller.vcproj", "{8DD67C9F-32BA-47FC-AB04-EFFCE0DF1503}"
	ProjectSection(ProjectDependencies) = postProject
	EndProjectSection
EndProject
Project("{8BC9CEB8-8B4A-11D0-8D11-00A0C91BC942}") = "dbengine", "components\dbengine\dbengine.vcproj", "{8DD67C9F-32BA-47FC-AB04-EFFCE0DF1503}"
	ProjectSection(ProjectDependencies) = postProject
	EndProjectSection
EndProject
Project("{8BC9CEB8-8B4A-11D0-8D11-00A0C91BC942}") = "devices", "components\devices\devices.vcproj", "{8DD67C9F-32BA-47FC-AB04-EFFCE0DF1503}"
	ProjectSection(ProjectDependencies) = postProject
	EndProjectSection
EndProject
Project("{8BC9CEB8-8B4A-11D0-8D11-00A0C91BC942}") = "draganddrop", "components\draganddrop\draganddrop.vcproj", "{8DD67C9F-32BA-47FC-AB04-EFFCE0DF1503}"
	ProjectSection(ProjectDependencies) = postProject
	EndProjectSection
EndProject
Project("{8BC9CEB8-8B4A-11D0-8D11-00A0C91BC942}") = "faceplate", "components\faceplate\faceplate.vcproj", "{8DD67C9F-32BA-47FC-AB04-EFFCE0DF1503}"
	ProjectSection(ProjectDependencies) = postProject
	EndProjectSection
EndProject
Project("{8BC9CEB8-8B4A-11D0-8D11-00A0C91BC942}") = "filescan", "components\filescan\filescan.vcproj", "{8DD67C9F-32BA-47FC-AB04-EFFCE0DF1503}"
	ProjectSection(ProjectDependencies) = postProject
	EndProjectSection
EndProject
Project("{8BC9CEB8-8B4A-11D0-8D11-00A0C91BC942}") = "include", "components\include\include.vcproj", "{8DD67C9F-32BA-47FC-AB04-EFFCE0DF1503}"
	ProjectSection(ProjectDependencies) = postProject
	EndProjectSection
EndProject
Project("{8BC9CEB8-8B4A-11D0-8D11-00A0C91BC942}") = "library", "components\library\library.vcproj", "{8DD67C9F-32BA-47FC-AB04-EFFCE0DF1503}"
	ProjectSection(ProjectDependencies) = postProject
	EndProjectSection
EndProject
Project("{8BC9CEB8-8B4A-11D0-8D11-00A0C91BC942}") = "mediacore", "components\mediacore\mediacore.vcproj", "{8DD67C9F-32BA-47FC-AB04-EFFCE0DF1503}"
	ProjectSection(ProjectDependencies) = postProject
	EndProjectSection
EndProject
Project("{8BC9CEB8-8B4A-11D0-8D11-00A0C91BC942}") = "moz", "components\moz\moz.vcproj", "{8DD67C9F-32BA-47FC-AB04-EFFCE0DF1503}"
	ProjectSection(ProjectDependencies) = postProject
	EndProjectSection
EndProject
Project("{8BC9CEB8-8B4A-11D0-8D11-00A0C91BC942}") = "playlistreader", "components\playlistreader\playlistreader.vcproj", "{8DD67C9F-32BA-47FC-AB04-EFFCE0DF1503}"
	ProjectSection(ProjectDependencies) = postProject
	EndProjectSection
EndProject
Project("{8BC9CEB8-8B4A-11D0-8D11-00A0C91BC942}") = "property", "components\property\property.vcproj", "{8DD67C9F-32BA-47FC-AB04-EFFCE0DF1503}"
	ProjectSection(ProjectDependencies) = postProject
	EndProjectSection
EndProject
Project("{8BC9CEB8-8B4A-11D0-8D11-00A0C91BC942}") = "remoteapi", "components\remoteapi\remoteapi.vcproj", "{8DD67C9F-32BA-47FC-AB04-EFFCE0DF1503}"
	ProjectSection(ProjectDependencies) = postProject
	EndProjectSection
EndProject
Project("{8BC9CEB8-8B4A-11D0-8D11-00A0C91BC942}") = "search", "components\search\search.vcproj", "{8DD67C9F-32BA-47FC-AB04-EFFCE0DF1503}"
	ProjectSection(ProjectDependencies) = postProject
	EndProjectSection
EndProject
Project("{8BC9CEB8-8B4A-11D0-8D11-00A0C91BC942}") = "servicepane", "components\servicepane\servicepane.vcproj", "{8DD67C9F-32BA-47FC-AB04-EFFCE0DF1503}"
	ProjectSection(ProjectDependencies) = postProject
	EndProjectSection
EndProject
Project("{8BC9CEB8-8B4A-11D0-8D11-00A0C91BC942}") = "sqlbuilder", "components\sqlbuilder\sqlbuilder.vcproj", "{8DD67C9F-32BA-47FC-AB04-EFFCE0DF1503}"
	ProjectSection(ProjectDependencies) = postProject
	EndProjectSection
EndProject
Project("{8BC9CEB8-8B4A-11D0-8D11-00A0C91BC942}") = "state", "components\state\state.vcproj", "{8DD67C9F-32BA-47FC-AB04-EFFCE0DF1503}"
	ProjectSection(ProjectDependencies) = postProject
	EndProjectSection
EndProject
Project("{8BC9CEB8-8B4A-11D0-8D11-00A0C91BC942}") = "testharness", "components\testharness\testharness.vcproj", "{8DD67C9F-32BA-47FC-AB04-EFFCE0DF1503}"
	ProjectSection(ProjectDependencies) = postProject
	EndProjectSection
EndProject
Project("{8BC9CEB8-8B4A-11D0-8D11-00A0C91BC942}") = "feathersmanager", "components\feathers\feathersmanager.vcproj", "{8DD67C9F-32BA-47FC-AB04-EFFCE0DF1503}"
	ProjectSection(ProjectDependencies) = postProject
	EndProjectSection
EndProject
Project("{8BC9CEB8-8B4A-11D0-8D11-00A0C91BC942}") = "feathers", "feathers\feathers.vcproj", "{8DD67C9F-32BA-47FC-AB04-EFFCE0DF1503}"
	ProjectSection(ProjectDependencies) = postProject
	EndProjectSection
EndProject
Project("{8BC9CEB8-8B4A-11D0-8D11-00A0C91BC942}") = "extras", "extras\extras.vcproj", "{8DD67C9F-32BA-47FC-AB04-EFFCE0DF1503}"
	ProjectSection(ProjectDependencies) = postProject
	EndProjectSection
EndProject
Project("{8BC9CEB8-8B4A-11D0-8D11-00A0C91BC942}") = "installer", "installer\installer.vcproj", "{8DD67C9F-32BA-47FC-AB04-EFFCE0DF1503}"
	ProjectSection(ProjectDependencies) = postProject
	EndProjectSection
EndProject
Global
	GlobalSection(SolutionConfiguration) = preSolution
		Debug = Debug
		Release = Release
	EndGlobalSection
	GlobalSection(ProjectConfiguration) = postSolution
		{00A5E4C1-0FFC-4932-8E50-763DF2E57054}.Debug.ActiveCfg = Debug|Win32
		{00A5E4C1-0FFC-4932-8E50-763DF2E57054}.Debug.Build.0 = Debug|Win32
		{00A5E4C1-0FFC-4932-8E50-763DF2E57054}.Release.ActiveCfg = Release|Win32
		{00A5E4C1-0FFC-4932-8E50-763DF2E57054}.Release.Build.0 = Release|Win32
		{653C9D44-8DD5-4A9B-91B6-FE8716C6DAFC}.Debug.ActiveCfg = Debug|Win32
		{653C9D44-8DD5-4A9B-91B6-FE8716C6DAFC}.Debug.Build.0 = Debug|Win32
		{653C9D44-8DD5-4A9B-91B6-FE8716C6DAFC}.Release.ActiveCfg = Release|Win32
		{653C9D44-8DD5-4A9B-91B6-FE8716C6DAFC}.Release.Build.0 = Release|Win32
		{4BE75698-527D-4261-96B3-57A80F6CF1D3}.Debug.ActiveCfg = Debug|Win32
		{4BE75698-527D-4261-96B3-57A80F6CF1D3}.Debug.Build.0 = Debug|Win32
		{4BE75698-527D-4261-96B3-57A80F6CF1D3}.Release.ActiveCfg = Release|Win32
		{4BE75698-527D-4261-96B3-57A80F6CF1D3}.Release.Build.0 = Release|Win32
		{061CF388-0AF1-45BB-9CE0-12139E6CFAC0}.Debug.ActiveCfg = Debug|Win32
		{061CF388-0AF1-45BB-9CE0-12139E6CFAC0}.Debug.Build.0 = Debug|Win32
		{061CF388-0AF1-45BB-9CE0-12139E6CFAC0}.Release.ActiveCfg = Release|Win32
		{061CF388-0AF1-45BB-9CE0-12139E6CFAC0}.Release.Build.0 = Release|Win32
		{5E8ECFDD-A5D9-4343-8794-C33D17E53F8D}.Debug.ActiveCfg = Debug|Win32
		{5E8ECFDD-A5D9-4343-8794-C33D17E53F8D}.Debug.Build.0 = Debug|Win32
		{5E8ECFDD-A5D9-4343-8794-C33D17E53F8D}.Release.ActiveCfg = Release|Win32
		{5E8ECFDD-A5D9-4343-8794-C33D17E53F8D}.Release.Build.0 = Release|Win32
		{8DD67C9F-32BA-47FC-AB04-EFFCE0DF1503}.Debug.ActiveCfg = Debug|Win32
		{8DD67C9F-32BA-47FC-AB04-EFFCE0DF1503}.Debug.Build.0 = Debug|Win32
		{8DD67C9F-32BA-47FC-AB04-EFFCE0DF1503}.Release.ActiveCfg = Release|Win32
		{8DD67C9F-32BA-47FC-AB04-EFFCE0DF1503}.Release.Build.0 = Release|Win32
		{3694E862-C0FE-4339-A6D9-91FB5C4D498C}.Debug.ActiveCfg = Debug|Win32
		{3694E862-C0FE-4339-A6D9-91FB5C4D498C}.Debug.Build.0 = Debug|Win32
		{3694E862-C0FE-4339-A6D9-91FB5C4D498C}.Release.ActiveCfg = Release|Win32
		{3694E862-C0FE-4339-A6D9-91FB5C4D498C}.Release.Build.0 = Release|Win32
		{5DF6F1EA-D56E-4459-BE1B-6DAA2197B911}.Debug.ActiveCfg = Debug|Win32
		{5DF6F1EA-D56E-4459-BE1B-6DAA2197B911}.Debug.Build.0 = Debug|Win32
		{5DF6F1EA-D56E-4459-BE1B-6DAA2197B911}.Release.ActiveCfg = Release|Win32
		{5DF6F1EA-D56E-4459-BE1B-6DAA2197B911}.Release.Build.0 = Release|Win32
		{653C9D44-8DD5-4A9B-91B6-FE8716C6DAFC}.Debug.ActiveCfg = Debug|Win32
		{653C9D44-8DD5-4A9B-91B6-FE8716C6DAFC}.Debug.Build.0 = Debug|Win32
		{653C9D44-8DD5-4A9B-91B6-FE8716C6DAFC}.Release.ActiveCfg = Release|Win32
		{653C9D44-8DD5-4A9B-91B6-FE8716C6DAFC}.Release.Build.0 = Release|Win32
		{8DD67C9F-32BA-47FC-AB04-EFFCE0DF1503}.Debug.ActiveCfg = Debug|Win32
		{8DD67C9F-32BA-47FC-AB04-EFFCE0DF1503}.Debug.Build.0 = Debug|Win32
		{8DD67C9F-32BA-47FC-AB04-EFFCE0DF1503}.Release.ActiveCfg = Release|Win32
		{8DD67C9F-32BA-47FC-AB04-EFFCE0DF1503}.Release.Build.0 = Release|Win32
		{E9C17F59-5D09-496B-A524-170FA0908892}.Debug.ActiveCfg = Debug|Win32
		{E9C17F59-5D09-496B-A524-170FA0908892}.Debug.Build.0 = Debug|Win32
		{E9C17F59-5D09-496B-A524-170FA0908892}.Release.ActiveCfg = Release|Win32
		{E9C17F59-5D09-496B-A524-170FA0908892}.Release.Build.0 = Release|Win32
		{8DD67C9F-32BA-47FC-AB04-EFFCE0DF1503}.Debug.ActiveCfg = Debug|Win32
		{8DD67C9F-32BA-47FC-AB04-EFFCE0DF1503}.Debug.Build.0 = Debug|Win32
		{8DD67C9F-32BA-47FC-AB04-EFFCE0DF1503}.Release.ActiveCfg = Release|Win32
		{8DD67C9F-32BA-47FC-AB04-EFFCE0DF1503}.Release.Build.0 = Release|Win32
		{8DD67C9F-32BA-47FC-AB04-EFFCE0DF1503}.Debug.ActiveCfg = Debug|Win32
		{8DD67C9F-32BA-47FC-AB04-EFFCE0DF1503}.Debug.Build.0 = Debug|Win32
		{8DD67C9F-32BA-47FC-AB04-EFFCE0DF1503}.Release.ActiveCfg = Release|Win32
		{8DD67C9F-32BA-47FC-AB04-EFFCE0DF1503}.Release.Build.0 = Release|Win32
		{8DD67C9F-32BA-47FC-AB04-EFFCE0DF1503}.Debug.ActiveCfg = Debug|Win32
		{8DD67C9F-32BA-47FC-AB04-EFFCE0DF1503}.Debug.Build.0 = Debug|Win32
		{8DD67C9F-32BA-47FC-AB04-EFFCE0DF1503}.Release.ActiveCfg = Release|Win32
		{8DD67C9F-32BA-47FC-AB04-EFFCE0DF1503}.Release.Build.0 = Release|Win32
		{8DD67C9F-32BA-47FC-AB04-EFFCE0DF1503}.Debug.ActiveCfg = Debug|Win32
		{8DD67C9F-32BA-47FC-AB04-EFFCE0DF1503}.Debug.Build.0 = Debug|Win32
		{8DD67C9F-32BA-47FC-AB04-EFFCE0DF1503}.Release.ActiveCfg = Release|Win32
		{8DD67C9F-32BA-47FC-AB04-EFFCE0DF1503}.Release.Build.0 = Release|Win32
		{8DD67C9F-32BA-47FC-AB04-EFFCE0DF1503}.Debug.ActiveCfg = Debug|Win32
		{8DD67C9F-32BA-47FC-AB04-EFFCE0DF1503}.Debug.Build.0 = Debug|Win32
		{8DD67C9F-32BA-47FC-AB04-EFFCE0DF1503}.Release.ActiveCfg = Release|Win32
		{8DD67C9F-32BA-47FC-AB04-EFFCE0DF1503}.Release.Build.0 = Release|Win32
		{8DD67C9F-32BA-47FC-AB04-EFFCE0DF1503}.Debug.ActiveCfg = Debug|Win32
		{8DD67C9F-32BA-47FC-AB04-EFFCE0DF1503}.Debug.Build.0 = Debug|Win32
		{8DD67C9F-32BA-47FC-AB04-EFFCE0DF1503}.Release.ActiveCfg = Release|Win32
		{8DD67C9F-32BA-47FC-AB04-EFFCE0DF1503}.Release.Build.0 = Release|Win32
		{8DD67C9F-32BA-47FC-AB04-EFFCE0DF1503}.Debug.ActiveCfg = Debug|Win32
		{8DD67C9F-32BA-47FC-AB04-EFFCE0DF1503}.Debug.Build.0 = Debug|Win32
		{8DD67C9F-32BA-47FC-AB04-EFFCE0DF1503}.Release.ActiveCfg = Release|Win32
		{8DD67C9F-32BA-47FC-AB04-EFFCE0DF1503}.Release.Build.0 = Release|Win32
		{8DD67C9F-32BA-47FC-AB04-EFFCE0DF1503}.Debug.ActiveCfg = Debug|Win32
		{8DD67C9F-32BA-47FC-AB04-EFFCE0DF1503}.Debug.Build.0 = Debug|Win32
		{8DD67C9F-32BA-47FC-AB04-EFFCE0DF1503}.Release.ActiveCfg = Release|Win32
		{8DD67C9F-32BA-47FC-AB04-EFFCE0DF1503}.Release.Build.0 = Release|Win32
		{8DD67C9F-32BA-47FC-AB04-EFFCE0DF1503}.Debug.ActiveCfg = Debug|Win32
		{8DD67C9F-32BA-47FC-AB04-EFFCE0DF1503}.Debug.Build.0 = Debug|Win32
		{8DD67C9F-32BA-47FC-AB04-EFFCE0DF1503}.Release.ActiveCfg = Release|Win32
		{8DD67C9F-32BA-47FC-AB04-EFFCE0DF1503}.Release.Build.0 = Release|Win32
		{8DD67C9F-32BA-47FC-AB04-EFFCE0DF1503}.Debug.ActiveCfg = Debug|Win32
		{8DD67C9F-32BA-47FC-AB04-EFFCE0DF1503}.Debug.Build.0 = Debug|Win32
		{8DD67C9F-32BA-47FC-AB04-EFFCE0DF1503}.Release.ActiveCfg = Release|Win32
		{8DD67C9F-32BA-47FC-AB04-EFFCE0DF1503}.Release.Build.0 = Release|Win32
		{8DD67C9F-32BA-47FC-AB04-EFFCE0DF1503}.Debug.ActiveCfg = Debug|Win32
		{8DD67C9F-32BA-47FC-AB04-EFFCE0DF1503}.Debug.Build.0 = Debug|Win32
		{8DD67C9F-32BA-47FC-AB04-EFFCE0DF1503}.Release.ActiveCfg = Release|Win32
		{8DD67C9F-32BA-47FC-AB04-EFFCE0DF1503}.Release.Build.0 = Release|Win32
		{8DD67C9F-32BA-47FC-AB04-EFFCE0DF1503}.Debug.ActiveCfg = Debug|Win32
		{8DD67C9F-32BA-47FC-AB04-EFFCE0DF1503}.Debug.Build.0 = Debug|Win32
		{8DD67C9F-32BA-47FC-AB04-EFFCE0DF1503}.Release.ActiveCfg = Release|Win32
		{8DD67C9F-32BA-47FC-AB04-EFFCE0DF1503}.Release.Build.0 = Release|Win32
		{8DD67C9F-32BA-47FC-AB04-EFFCE0DF1503}.Debug.ActiveCfg = Debug|Win32
		{8DD67C9F-32BA-47FC-AB04-EFFCE0DF1503}.Debug.Build.0 = Debug|Win32
		{8DD67C9F-32BA-47FC-AB04-EFFCE0DF1503}.Release.ActiveCfg = Release|Win32
		{8DD67C9F-32BA-47FC-AB04-EFFCE0DF1503}.Release.Build.0 = Release|Win32
		{8DD67C9F-32BA-47FC-AB04-EFFCE0DF1503}.Debug.ActiveCfg = Debug|Win32
		{8DD67C9F-32BA-47FC-AB04-EFFCE0DF1503}.Debug.Build.0 = Debug|Win32
		{8DD67C9F-32BA-47FC-AB04-EFFCE0DF1503}.Release.ActiveCfg = Release|Win32
		{8DD67C9F-32BA-47FC-AB04-EFFCE0DF1503}.Release.Build.0 = Release|Win32
		{8DD67C9F-32BA-47FC-AB04-EFFCE0DF1503}.Debug.ActiveCfg = Debug|Win32
		{8DD67C9F-32BA-47FC-AB04-EFFCE0DF1503}.Debug.Build.0 = Debug|Win32
		{8DD67C9F-32BA-47FC-AB04-EFFCE0DF1503}.Release.ActiveCfg = Release|Win32
		{8DD67C9F-32BA-47FC-AB04-EFFCE0DF1503}.Release.Build.0 = Release|Win32
		{8DD67C9F-32BA-47FC-AB04-EFFCE0DF1503}.Debug.ActiveCfg = Debug|Win32
		{8DD67C9F-32BA-47FC-AB04-EFFCE0DF1503}.Debug.Build.0 = Debug|Win32
		{8DD67C9F-32BA-47FC-AB04-EFFCE0DF1503}.Release.ActiveCfg = Release|Win32
		{8DD67C9F-32BA-47FC-AB04-EFFCE0DF1503}.Release.Build.0 = Release|Win32
		{8DD67C9F-32BA-47FC-AB04-EFFCE0DF1503}.Debug.ActiveCfg = Debug|Win32
		{8DD67C9F-32BA-47FC-AB04-EFFCE0DF1503}.Debug.Build.0 = Debug|Win32
		{8DD67C9F-32BA-47FC-AB04-EFFCE0DF1503}.Release.ActiveCfg = Release|Win32
		{8DD67C9F-32BA-47FC-AB04-EFFCE0DF1503}.Release.Build.0 = Release|Win32
		{8DD67C9F-32BA-47FC-AB04-EFFCE0DF1503}.Debug.ActiveCfg = Debug|Win32
		{8DD67C9F-32BA-47FC-AB04-EFFCE0DF1503}.Debug.Build.0 = Debug|Win32
		{8DD67C9F-32BA-47FC-AB04-EFFCE0DF1503}.Release.ActiveCfg = Release|Win32
		{8DD67C9F-32BA-47FC-AB04-EFFCE0DF1503}.Release.Build.0 = Release|Win32
		{8DD67C9F-32BA-47FC-AB04-EFFCE0DF1503}.Debug.ActiveCfg = Debug|Win32
		{8DD67C9F-32BA-47FC-AB04-EFFCE0DF1503}.Debug.Build.0 = Debug|Win32
		{8DD67C9F-32BA-47FC-AB04-EFFCE0DF1503}.Release.ActiveCfg = Release|Win32
		{8DD67C9F-32BA-47FC-AB04-EFFCE0DF1503}.Release.Build.0 = Release|Win32
		{8DD67C9F-32BA-47FC-AB04-EFFCE0DF1503}.Debug.ActiveCfg = Debug|Win32
		{8DD67C9F-32BA-47FC-AB04-EFFCE0DF1503}.Debug.Build.0 = Debug|Win32
		{8DD67C9F-32BA-47FC-AB04-EFFCE0DF1503}.Release.ActiveCfg = Release|Win32
		{8DD67C9F-32BA-47FC-AB04-EFFCE0DF1503}.Release.Build.0 = Release|Win32
		{8DD67C9F-32BA-47FC-AB04-EFFCE0DF1503}.Debug.ActiveCfg = Debug|Win32
		{8DD67C9F-32BA-47FC-AB04-EFFCE0DF1503}.Debug.Build.0 = Debug|Win32
		{8DD67C9F-32BA-47FC-AB04-EFFCE0DF1503}.Release.ActiveCfg = Release|Win32
		{8DD67C9F-32BA-47FC-AB04-EFFCE0DF1503}.Release.Build.0 = Release|Win32
		{8DD67C9F-32BA-47FC-AB04-EFFCE0DF1503}.Debug.ActiveCfg = Debug|Win32
		{8DD67C9F-32BA-47FC-AB04-EFFCE0DF1503}.Debug.Build.0 = Debug|Win32
		{8DD67C9F-32BA-47FC-AB04-EFFCE0DF1503}.Release.ActiveCfg = Release|Win32
		{8DD67C9F-32BA-47FC-AB04-EFFCE0DF1503}.Release.Build.0 = Release|Win32
		{8DD67C9F-32BA-47FC-AB04-EFFCE0DF1503}.Debug.ActiveCfg = Debug|Win32
		{8DD67C9F-32BA-47FC-AB04-EFFCE0DF1503}.Debug.Build.0 = Debug|Win32
		{8DD67C9F-32BA-47FC-AB04-EFFCE0DF1503}.Release.ActiveCfg = Release|Win32
		{8DD67C9F-32BA-47FC-AB04-EFFCE0DF1503}.Release.Build.0 = Release|Win32
	EndGlobalSection
	GlobalSection(ExtensibilityGlobals) = postSolution
	EndGlobalSection
	GlobalSection(ExtensibilityAddIns) = postSolution
	EndGlobalSection
EndGlobal
